lockfileVersion: '9.0'

settings:
  autoInstallPeers: true
  excludeLinksFromLockfile: false

importers:

  .: {}

  apps/cli:
    dependencies:
      '@woho/agents':
        specifier: workspace:*
        version: link:../../packages/agents
      '@woho/core':
        specifier: workspace:*
        version: link:../../packages/core
      '@woho/memory':
        specifier: workspace:*
        version: link:../../packages/memory
      '@woho/provider-openai':
        specifier: workspace:*
        version: link:../../packages/provider-openai
      '@woho/tools':
        specifier: workspace:*
        version: link:../../packages/tools
    devDependencies:
      '@types/node':
        specifier: ^26.6.4
        version: 26.6.4

  apps/phone-agent:
    dependencies:
      '@woho/agents':
        specifier: workspace:*
        version: link:../../packages/agents
      '@woho/core':
        specifier: workspace:*
        version: link:../../packages/core
      '@woho/memory':
        specifier: workspace:*
        version: link:../../packages/memory
    devDependencies:
      '@types/node':
        specifier: ^26.6.4
        version: 26.6.4

  examples/agent:
    dependencies:
      '@woho/agents':
        specifier: workspace:*
        version: link:../../packages/agents
      '@woho/core':
        specifier: workspace:*
        version: link:../../packages/core

  examples/basic-chat:
    dependencies:
      '@woho/core':
        specifier: workspace:*
        version: link:../../packages/core
      '@woho/provider-openai':
        specifier: workspace:*
        version: link:../../packages/provider-openai
    devDependencies:
      '@types/node':
        specifier: ^26.6.4
        version: 26.6.4

  packages/agents:
    dependencies:
      '@woho/core':
        specifier: workspace:*
        version: link:../core
      '@woho/mcp':
        specifier: workspace:*
        version: link:../mcp
      '@woho/memory':
        specifier: workspace:*
        version: link:../memory
    devDependencies:
      '@types/node':
        specifier: ^26.6.4
        version: 26.6.4

  packages/core:
    devDependencies:
      '@types/node':
        specifier: ^26.6.4
        version: 26.6.4

  packages/mcp:
    devDependencies:
      '@types/node':
        specifier: ^26.6.4
        version: 26.6.4

  packages/memory:
    devDependencies:
      '@types/node':
        specifier: ^26.6.4
        version: 26.6.4

  packages/provider-openai:
    dependencies:
      '@woho/core':
        specifier: workspace:*
        version: link:../core
    devDependencies:
      '@types/node':
        specifier: ^26.6.4
        version: 26.6.4

  packages/tools:
    dependencies:
      '@woho/agents':
        specifier: workspace:*
        version: link:../agents
    devDependencies:
      '@types/node':
        specifier: ^26.6.4
        version: 26.6.4

packages:

  '@types/node@26.6.4':
    resolution: {integrity: sha512-ldVPDCzj7fsaGZrLB0NuHuTvJcsNasysBAqMolr/cgxrLd1xbqxIr3XJiPnHHJUCxj5sNF1vnRj9aWnrVh5Jcg==}

  undici-types@8.9.0:
    resolution: {integrity: sha512-KTDyRTYX8sWmKXAikPHHSyc63CRPETMctyjKFupcC6OBLXT3xsN0e9aF7m+mIXutFWpUXuedtowG7iLOzp0kQg==}

snapshots:

  '@types/node@26.6.4':
    dependencies:
      undici-types: 8.9.0

  undici-types@8.9.0: {}
